// !$*UTF8*$!
{
	archiveVersion = 1;
	classes = {
	};
	objectVersion = 55;
	objects = {

/* Begin PBXBuildFile section */
		885AAFF02831F46800874D90 /* AppDelegate.swift in Sources */ = {isa = PBXBuildFile; fileRef = 885AAFEF2831F46800874D90 /* AppDelegate.swift */; };
		885AAFF22831F46800874D90 /* SceneDelegate.swift in Sources */ = {isa = PBXBuildFile; fileRef = 885AAFF12831F46800874D90 /* SceneDelegate.swift */; };
		885AAFF42831F46800874D90 /* ViewController.swift in Sources */ = {isa = PBXBuildFile; fileRef = 885AAFF32831F46800874D90 /* ViewController.swift */; };
		885AAFF72831F46800874D90 /* Main.storyboard in Resources */ = {isa = PBXBuildFile; fileRef = 885AAFF52831F46800874D90 /* Main.storyboard */; };
		885AAFF92831F46E00874D90 /* Assets.xcassets in Resources */ = {isa = PBXBuildFile; fileRef = 885AAFF82831F46E00874D90 /* Assets.xcassets */; };
		885AAFFC2831F46E00874D90 /* LaunchScreen.storyboard in Resources */ = {isa = PBXBuildFile; fileRef = 885AAFFA2831F46E00874D90 /* LaunchScreen.storyboard */; };
		885AB0072831F46E00874D90 /* ios_Ass3Tests.swift in Sources */ = {isa = PBXBuildFile; fileRef = 885AB0062831F46E00874D90 /* ios_Ass3Tests.swift */; };
		885AB0112831F46E00874D90 /* ios_Ass3UITests.swift in Sources */ = {isa = PBXBuildFile; fileRef = 885AB0102831F46E00874D90 /* ios_Ass3UITests.swift */; };
		885AB0132831F46E00874D90 /* ios_Ass3UITestsLaunchTests.swift in Sources */ = {isa = PBXBuildFile; fileRef = 885AB0122831F46E00874D90 /* ios_Ass3UITestsLaunchTests.swift */; };
		885AB02028328E2800874D90 /* InputBillViewController.swift in Sources */ = {isa = PBXBuildFile; fileRef = 885AB01F28328E2800874D90 /* InputBillViewController.swift */; };
/* End PBXBuildFile section */

/* Begin PBXContainerItemProxy section */
		885AB0032831F46E00874D90 /* PBXContainerItemProxy */ = {
			isa = PBXContainerItemProxy;
			containerPortal = 885AAFE42831F46800874D90 /* Project object */;
			proxyType = 1;
			remoteGlobalIDString = 885AAFEB2831F46800874D90;
			remoteInfo = "ios Ass3";
		};
		885AB00D2831F46E00874D90 /* PBXContainerItemProxy */ = {
			isa = PBXContainerItemProxy;
			containerPortal = 885AAFE42831F46800874D90 /* Project object */;
			proxyType = 1;
			remoteGlobalIDString = 885AAFEB2831F46800874D90;
			remoteInfo = "ios Ass3";
		};
/* End PBXContainerItemProxy section */

/* Begin PBXFileReference section */
		885AAFEC2831F46800874D90 /* ios Ass3.app */ = {isa = PBXFileReference; explicitFileType = wrapper.application; includeInIndex = 0; path = "ios Ass3.app"; sourceTree = BUILT_PRODUCTS_DIR; };
		885AAFEF2831F46800874D90 /* AppDelegate.swift */ = {isa = PBXFileReference; lastKnownFileType = sourcecode.swift; path = AppDelegate.swift; sourceTree = "<group>"; };
		885AAFF12831F46800874D90 /* SceneDelegate.swift */ = {isa = PBXFileReference; lastKnownFileType = sourcecode.swift; path = SceneDelegate.swift; sourceTree = "<group>"; };
		885AAFF32831F46800874D90 /* ViewController.swift */ = {isa = PBXFileReference; lastKnownFileType = sourcecode.swift; path = ViewController.swift; sourceTree = "<group>"; };
		885AAFF62831F46800874D90 /* Base */ = {isa = PBXFileReference; lastKnownFileType = file.storyboard; name = Base; path = Base.lproj/Main.storyboard; sourceTree = "<group>"; };
		885AAFF82831F46E00874D90 /* Assets.xcassets */ = {isa = PBXFileReference; lastKnownFileType = folder.assetcatalog; path = Assets.xcassets; sourceTree = "<group>"; };
		885AAFFB2831F46E00874D90 /* Base */ = {isa = PBXFileReference; lastKnownFileType = file.storyboard; name = Base; path = Base.lproj/LaunchScreen.storyboard; sourceTree = "<group>"; };
		885AAFFD2831F46E00874D90 /* Info.plist */ = {isa = PBXFileReference; lastKnownFileType = text.plist.xml; path = Info.plist; sourceTree = "<group>"; };
		885AB0022831F46E00874D90 /* ios Ass3Tests.xctest */ = {isa = PBXFileReference; explicitFileType = wrapper.cfbundle; includeInIndex = 0; path = "ios Ass3Tests.xctest"; sourceTree = BUILT_PRODUCTS_DIR; };
		885AB0062831F46E00874D90 /* ios_Ass3Tests.swift */ = {isa = PBXFileReference; lastKnownFileType = sourcecode.swift; path = ios_Ass3Tests.swift; sourceTree = "<group>"; };
		885AB00C2831F46E00874D90 /* ios Ass3UITests.xctest */ = {isa = PBXFileReference; explicitFileType = wrapper.cfbundle; includeInIndex = 0; path = "ios Ass3UITests.xctest"; sourceTree = BUILT_PRODUCTS_DIR; };
		885AB0102831F46E00874D90 /* ios_Ass3UITests.swift */ = {isa = PBXFileReference; lastKnownFileType = sourcecode.swift; path = ios_Ass3UITests.swift; sourceTree = "<group>"; };
		885AB0122831F46E00874D90 /* ios_Ass3UITestsLaunchTests.swift */ = {isa = PBXFileReference; lastKnownFileType = sourcecode.swift; path = ios_Ass3UITestsLaunchTests.swift; sourceTree = "<group>"; };
		885AB01F28328E2800874D90 /* InputBillViewController.swift */ = {isa = PBXFileReference; lastKnownFileType = sourcecode.swift; path = InputBillViewController.swift; sourceTree = "<group>"; };
/* End PBXFileReference section */

/* Begin PBXFrameworksBuildPhase section */
		885AAFE92831F46800874D90 /* Frameworks */ = {
			isa = PBXFrameworksBuildPhase;
			buildActionMask = 2147483647;
			files = (
			);
			runOnlyForDeploymentPostprocessing = 0;
		};
		885AAFFF2831F46E00874D90 /* Frameworks */ = {
			isa = PBXFrameworksBuildPhase;
			buildActionMask = 2147483647;
			files = (
			);
			runOnlyForDeploymentPostprocessing = 0;
		};
		885AB0092831F46E00874D90 /* Frameworks */ = {
			isa = PBXFrameworksBuildPhase;
			buildActionMask = 2147483647;
			files = (
			);
			runOnlyForDeploymentPostprocessing = 0;
		};
/* End PBXFrameworksBuildPhase section */

/* Begin PBXGroup section */
		885AAFE32831F46800874D90 = {
			isa = PBXGroup;
			children = (
				885AAFEE2831F46800874D90 /* ios Ass3 */,
				885AB0052831F46E00874D90 /* ios Ass3Tests */,
				885AB00F2831F46E00874D90 /* ios Ass3UITests */,
				885AAFED2831F46800874D90 /* Products */,
			);
			sourceTree = "<group>";
		};
		885AAFED2831F46800874D90 /* Products */ = {
			isa = PBXGroup;
			children = (
				885AAFEC2831F46800874D90 /* ios Ass3.app */,
				885AB0022831F46E00874D90 /* ios Ass3Tests.xctest */,
				885AB00C2831F46E00874D90 /* ios Ass3UITests.xctest */,
			);
			name = Products;
			sourceTree = "<group>";
		};
		885AAFEE2831F46800874D90 /* ios Ass3 */ = {
			isa = PBXGroup;
			children = (
				885AAFEF2831F46800874D90 /* AppDelegate.swift */,
				885AAFF12831F46800874D90 /* SceneDelegate.swift */,
				885AAFF32831F46800874D90 /* ViewController.swift */,
				885AAFF52831F46800874D90 /* Main.storyboard */,
				885AAFF82831F46E00874D90 /* Assets.xcassets */,
				885AAFFA2831F46E00874D90 /* LaunchScreen.storyboard */,
				885AAFFD2831F46E00874D90 /* Info.plist */,
				885AB01F28328E2800874D90 /* InputBillViewController.swift */,
			);
			path = "ios Ass3";
			sourceTree = "<group>";
		};
		885AB0052831F46E00874D90 /* ios Ass3Tests */ = {
			isa = PBXGroup;
			children = (
				885AB0062831F46E00874D90 /* ios_Ass3Tests.swift */,
			);
			path = "ios Ass3Tests";
			sourceTree = "<group>";
		};
		885AB00F2831F46E00874D90 /* ios Ass3UITests */ = {
			isa = PBXGroup;
			children = (
				885AB0102831F46E00874D90 /* ios_Ass3UITests.swift */,
				885AB0122831F46E00874D90 /* ios_Ass3UITestsLaunchTests.swift */,
			);
			path = "ios Ass3UITests";
			sourceTree = "<group>";
		};
/* End PBXGroup section */

/* Begin PBXNativeTarget section */
		885AAFEB2831F46800874D90 /* ios Ass3 */ = {
			isa = PBXNativeTarget;
			buildConfigurationList = 885AB0162831F46E00874D90 /* Build configuration list for PBXNativeTarget "ios Ass3" */;
			buildPhases = (
				885AAFE82831F46800874D90 /* Sources */,
				885AAFE92831F46800874D90 /* Frameworks */,
				885AAFEA2831F46800874D90 /* Resources */,
			);
			buildRules = (
			);
			dependencies = (
			);
			name = "ios Ass3";
			productName = "ios Ass3";
			productReference = 885AAFEC2831F46800874D90 /* ios Ass3.app */;
			productType = "com.apple.product-type.application";
		};
		885AB0012831F46E00874D90 /* ios Ass3Tests */ = {
			isa = PBXNativeTarget;
			buildConfigurationList = 885AB0192831F46E00874D90 /* Build configuration list for PBXNativeTarget "ios Ass3Tests" */;
			buildPhases = (
				885AAFFE2831F46E00874D90 /* Sources */,
				885AAFFF2831F46E00874D90 /* Frameworks */,
				885AB0002831F46E00874D90 /* Resources */,
			);
			buildRules = (
			);
			dependencies = (
				885AB0042831F46E00874D90 /* PBXTargetDependency */,
			);
			name = "ios Ass3Tests";
			productName = "ios Ass3Tests";
			productReference = 885AB0022831F46E00874D90 /* ios Ass3Tests.xctest */;
			productType = "com.apple.product-type.bundle.unit-test";
		};
		885AB00B2831F46E00874D90 /* ios Ass3UITests */ = {
			isa = PBXNativeTarget;
			buildConfigurationList = 885AB01C2831F46E00874D90 /* Build configuration list for PBXNativeTarget "ios Ass3UITests" */;
			buildPhases = (
				885AB0082831F46E00874D90 /* Sources */,
				885AB0092831F46E00874D90 /* Frameworks */,
				885AB00A2831F46E00874D90 /* Resources */,
			);
			buildRules = (
			);
			dependencies = (
				885AB00E2831F46E00874D90 /* PBXTargetDependency */,
			);
			name = "ios Ass3UITests";
			productName = "ios Ass3UITests";
			productReference = 885AB00C2831F46E00874D90 /* ios Ass3UITests.xctest */;
			productType = "com.apple.product-type.bundle.ui-testing";
		};
/* End PBXNativeTarget section */

/* Begin PBXProject section */
		885AAFE42831F46800874D90 /* Project object */ = {
			isa = PBXProject;
			attributes = {
				BuildIndependentTargetsInParallel = 1;
				LastSwiftUpdateCheck = 1320;
				LastUpgradeCheck = 1320;
				TargetAttributes = {
					885AAFEB2831F46800874D90 = {
						CreatedOnToolsVersion = 13.2.1;
					};
					885AB0012831F46E00874D90 = {
						CreatedOnToolsVersion = 13.2.1;
						TestTargetID = 885AAFEB2831F46800874D90;
					};
					885AB00B2831F46E00874D90 = {
						CreatedOnToolsVersion = 13.2.1;
						TestTargetID = 885AAFEB2831F46800874D90;
					};
				};
			};
			buildConfigurationList = 885AAFE72831F46800874D90 /* Build configuration list for PBXProject "ios Ass3" */;
			compatibilityVersion = "Xcode 13.0";
			developmentRegion = en;
			hasScannedForEncodings = 0;
			knownRegions = (
				en,
				Base,
			);
			mainGroup = 885AAFE32831F46800874D90;
			productRefGroup = 885AAFED2831F46800874D90 /* Products */;
			projectDirPath = "";
			projectRoot = "";
			targets = (
				885AAFEB2831F46800874D90 /* ios Ass3 */,
				885AB0012831F46E00874D90 /* ios Ass3Tests */,
				885AB00B2831F46E00874D90 /* ios Ass3UITests */,
			);
		};
/* End PBXProject section */

/* Begin PBXResourcesBuildPhase section */
		885AAFEA2831F46800874D90 /* Resources */ = {
			isa = PBXResourcesBuildPhase;
			buildActionMask = 2147483647;
			files = (
				885AAFFC2831F46E00874D90 /* LaunchScreen.storyboard in Resources */,
				885AAFF92831F46E00874D90 /* Assets.xcassets in Resources */,
				885AAFF72831F46800874D90 /* Main.storyboard in Resources */,
			);
			runOnlyForDeploymentPostprocessing = 0;
		};
		885AB0002831F46E00874D90 /* Resources */ = {
			isa = PBXResourcesBuildPhase;
			buildActionMask = 2147483647;
			files = (
			);
			runOnlyForDeploymentPostprocessing = 0;
		};
		885AB00A2831F46E00874D90 /* Resources */ = {
			isa = PBXResourcesBuildPhase;
			buildActionMask = 2147483647;
			files = (
			);
			runOnlyForDeploymentPostprocessing = 0;
		};
/* End PBXResourcesBuildPhase section */

/* Begin PBXSourcesBuildPhase section */
		885AAFE82831F46800874D90 /* Sources */ = {
			isa = PBXSourcesBuildPhase;
			buildActionMask = 2147483647;
			files = (
				885AAFF42831F46800874D90 /* ViewController.swift in Sources */,
				885AAFF02831F46800874D90 /* AppDelegate.swift in Sources */,
				885AB02028328E2800874D90 /* InputBillViewController.swift in Sources */,
				885AAFF22831F46800874D90 /* SceneDelegate.swift in Sources */,
			);
			runOnlyForDeploymentPostprocessing = 0;
		};
		885AAFFE2831F46E00874D90 /* Sources */ = {
			isa = PBXSourcesBuildPhase;
			buildActionMask = 2147483647;
			files = (
				885AB0072831F46E00874D90 /* ios_Ass3Tests.swift in Sources */,
			);
			runOnlyForDeploymentPostprocessing = 0;
		};
		885AB0082831F46E00874D90 /* Sources */ = {
			isa = PBXSourcesBuildPhase;
			buildActionMask = 2147483647;
			files = (
				885AB0132831F46E00874D90 /* ios_Ass3UITestsLaunchTests.swift in Sources */,
				885AB0112831F46E00874D90 /* ios_Ass3UITests.swift in Sources */,
			);
			runOnlyForDeploymentPostprocessing = 0;
		};
/* End PBXSourcesBuildPhase section */

/* Begin PBXTargetDependency section */
		885AB0042831F46E00874D90 /* PBXTargetDependency */ = {
			isa = PBXTargetDependency;
			target = 885AAFEB2831F46800874D90 /* ios Ass3 */;
			targetProxy = 885AB0032831F46E00874D90 /* PBXContainerItemProxy */;
		};
		885AB00E2831F46E00874D90 /* PBXTargetDependency */ = {
			isa = PBXTargetDependency;
			target = 885AAFEB2831F46800874D90 /* ios Ass3 */;
			targetProxy = 885AB00D2831F46E00874D90 /* PBXContainerItemProxy */;
		};
/* End PBXTargetDependency section */

/* Begin PBXVariantGroup section */
		885AAFF52831F46800874D90 /* Main.storyboard */ = {
			isa = PBXVariantGroup;
			children = (
				885AAFF62831F46800874D90 /* Base */,
			);
			name = Main.storyboard;
			sourceTree = "<group>";
		};
		885AAFFA2831F46E00874D90 /* LaunchScreen.storyboard */ = {
			isa = PBXVariantGroup;
			children = (
				885AAFFB2831F46E00874D90 /* Base */,
			);
			name = LaunchScreen.storyboard;
			sourceTree = "<group>";
		};
/* End PBXVariantGroup section */

/* Begin XCBuildConfiguration section */
		885AB0142831F46E00874D90 /* Debug */ = {
			isa = XCBuildConfiguration;
			buildSettings = {
				ALWAYS_SEARCH_USER_PATHS = NO;
				CLANG_ANALYZER_NONNULL = YES;
				CLANG_ANALYZER_NUMBER_OBJECT_CONVERSION = YES_AGGRESSIVE;
				CLANG_CXX_LANGUAGE_STANDARD = "gnu++17";
				CLANG_CXX_LIBRARY = "libc++";
				CLANG_ENABLE_MODULES = YES;
				CLANG_ENABLE_OBJC_ARC = YES;
				CLANG_ENABLE_OBJC_WEAK = YES;
				CLANG_WARN_BLOCK_CAPTURE_AUTORELEASING = YES;
				CLANG_WARN_BOOL_CONVERSION = YES;
				CLANG_WARN_COMMA = YES;
				CLANG_WARN_CONSTANT_CONVERSION = YES;
				CLANG_WARN_DEPRECATED_OBJC_IMPLEMENTATIONS = YES;
				CLANG_WARN_DIRECT_OBJC_ISA_USAGE = YES_ERROR;
				CLANG_WARN_DOCUMENTATION_COMMENTS = YES;
				CLANG_WARN_EMPTY_BODY = YES;
				CLANG_WARN_ENUM_CONVERSION = YES;
				CLANG_WARN_INFINITE_RECURSION = YES;
				CLANG_WARN_INT_CONVERSION = YES;
				CLANG_WARN_NON_LITERAL_NULL_CONVERSION = YES;
				CLANG_WARN_OBJC_IMPLICIT_RETAIN_SELF = YES;
				CLANG_WARN_OBJC_LITERAL_CONVERSION = YES;
				CLANG_WARN_OBJC_ROOT_CLASS = YES_ERROR;
				CLANG_WARN_QUOTED_INCLUDE_IN_FRAMEWORK_HEADER = YES;
				CLANG_WARN_RANGE_LOOP_ANALYSIS = YES;
				CLANG_WARN_STRICT_PROTOTYPES = YES;
				CLANG_WARN_SUSPICIOUS_MOVE = YES;
				CLANG_WARN_UNGUARDED_AVAILABILITY = YES_AGGRESSIVE;
				CLANG_WARN_UNREACHABLE_CODE = YES;
				CLANG_WARN__DUPLICATE_METHOD_MATCH = YES;
				COPY_PHASE_STRIP = NO;
				DEBUG_INFORMATION_FORMAT = dwarf;
				ENABLE_STRICT_OBJC_MSGSEND = YES;
				ENABLE_TESTABILITY = YES;
				GCC_C_LANGUAGE_STANDARD = gnu11;
				GCC_DYNAMIC_NO_PIC = NO;
				GCC_NO_COMMON_BLOCKS = YES;
				GCC_OPTIMIZATION_LEVEL = 0;
				GCC_PREPROCESSOR_DEFINITIONS = (
					"DEBUG=1",
					"$(inherited)",
				);
				GCC_WARN_64_TO_32_BIT_CONVERSION = YES;
				GCC_WARN_ABOUT_RETURN_TYPE = YES_ERROR;
				GCC_WARN_UNDECLARED_SELECTOR = YES;
				GCC_WARN_UNINITIALIZED_AUTOS = YES_AGGRESSIVE;
				GCC_WARN_UNUSED_FUNCTION = YES;
				GCC_WARN_UNUSED_VARIABLE = YES;
				IPHONEOS_DEPLOYMENT_TARGET = 15.2;
				MTL_ENABLE_DEBUG_INFO = INCLUDE_SOURCE;
				MTL_FAST_MATH = YES;
				ONLY_ACTIVE_ARCH = YES;
				SDKROOT = iphoneos;
				SWIFT_ACTIVE_COMPILATION_CONDITIONS = DEBUG;
				SWIFT_OPTIMIZATION_LEVEL = "-Onone";
			};
			name = Debug;
		};
		885AB0152831F46E00874D90 /* Release */ = {
			isa = XCBuildConfiguration;
			buildSettings = {
				ALWAYS_SEARCH_USER_PATHS = NO;
				CLANG_ANALYZER_NONNULL = YES;
				CLANG_ANALYZER_NUMBER_OBJECT_CONVERSION = YES_AGGRESSIVE;
				CLANG_CXX_LANGUAGE_STANDARD = "gnu++17";
				CLANG_CXX_LIBRARY = "libc++";
				CLANG_ENABLE_MODULES = YES;
				CLANG_ENABLE_OBJC_ARC = YES;
				CLANG_ENABLE_OBJC_WEAK = YES;
				CLANG_WARN_BLOCK_CAPTURE_AUTORELEASING = YES;
				CLANG_WARN_BOOL_CONVERSION = YES;
				CLANG_WARN_COMMA = YES;
				CLANG_WARN_CONSTANT_CONVERSION = YES;
				CLANG_WARN_DEPRECATED_OBJC_IMPLEMENTATIONS = YES;
				CLANG_WARN_DIRECT_OBJC_ISA_USAGE = YES_ERROR;
				CLANG_WARN_DOCUMENTATION_COMMENTS = YES;
				CLANG_WARN_EMPTY_BODY = YES;
				CLANG_WARN_ENUM_CONVERSION = YES;
				CLANG_WARN_INFINITE_RECURSION = YES;
				CLANG_WARN_INT_CONVERSION = YES;
				CLANG_WARN_NON_LITERAL_NULL_CONVERSION = YES;
				CLANG_WARN_OBJC_IMPLICIT_RETAIN_SELF = YES;
				CLANG_WARN_OBJC_LITERAL_CONVERSION = YES;
				CLANG_WARN_OBJC_ROOT_CLASS = YES_ERROR;
				CLANG_WARN_QUOTED_INCLUDE_IN_FRAMEWORK_HEADER = YES;
				CLANG_WARN_RANGE_LOOP_ANALYSIS = YES;
				CLANG_WARN_STRICT_PROTOTYPES = YES;
				CLANG_WARN_SUSPICIOUS_MOVE = YES;
				CLANG_WARN_UNGUARDED_AVAILABILITY = YES_AGGRESSIVE;
				CLANG_WARN_UNREACHABLE_CODE = YES;
				CLANG_WARN__DUPLICATE_METHOD_MATCH = YES;
				COPY_PHASE_STRIP = NO;
				DEBUG_INFORMATION_FORMAT = "dwarf-with-dsym";
				ENABLE_NS_ASSERTIONS = NO;
				ENABLE_STRICT_OBJC_MSGSEND = YES;
				GCC_C_LANGUAGE_STANDARD = gnu11;
				GCC_NO_COMMON_BLOCKS = YES;
				GCC_WARN_64_TO_32_BIT_CONVERSION = YES;
				GCC_WARN_ABOUT_RETURN_TYPE = YES_ERROR;
				GCC_WARN_UNDECLARED_SELECTOR = YES;
				GCC_WARN_UNINITIALIZED_AUTOS = YES_AGGRESSIVE;
				GCC_WARN_UNUSED_FUNCTION = YES;
				GCC_WARN_UNUSED_VARIABLE = YES;
				IPHONEOS_DEPLOYMENT_TARGET = 15.2;
				MTL_ENABLE_DEBUG_INFO = NO;
				MTL_FAST_MATH = YES;
				SDKROOT = iphoneos;
				SWIFT_COMPILATION_MODE = wholemodule;
				SWIFT_OPTIMIZATION_LEVEL = "-O";
				VALIDATE_PRODUCT = YES;
			};
			name = Release;
		};
		885AB0172831F46E00874D90 /* Debug */ = {
			isa = XCBuildConfiguration;
			buildSettings = {
				ASSETCATALOG_COMPILER_APPICON_NAME = AppIcon;
				ASSETCATALOG_COMPILER_GLOBAL_ACCENT_COLOR_NAME = AccentColor;
				CODE_SIGN_STYLE = Automatic;
				CURRENT_PROJECT_VERSION = 1;
				GENERATE_INFOPLIST_FILE = YES;
				INFOPLIST_FILE = "ios Ass3/Info.plist";
				INFOPLIST_KEY_UIApplicationSupportsIndirectInputEvents = YES;
				INFOPLIST_KEY_UILaunchStoryboardName = LaunchScreen;
				INFOPLIST_KEY_UIMainStoryboardFile = Main;
				INFOPLIST_KEY_UISupportedInterfaceOrientations_iPad = "UIInterfaceOrientationPortrait UIInterfaceOrientationPortraitUpsideDown UIInterfaceOrientationLandscapeLeft UIInterfaceOrientationLandscapeRight";
				INFOPLIST_KEY_UISupportedInterfaceOrientations_iPhone = "UIInterfaceOrientationPortrait UIInterfaceOrientationLandscapeLeft UIInterfaceOrientationLandscapeRight";
				LD_RUNPATH_SEARCH_PATHS = (
					"$(inherited)",
					"@executable_path/Frameworks",
				);
				MARKETING_VERSION = 1.0;
				PRODUCT_BUNDLE_IDENTIFIER = "-.ios-Ass3";
				PRODUCT_NAME = "$(TARGET_NAME)";
				SWIFT_EMIT_LOC_STRINGS = YES;
				SWIFT_VERSION = 5.0;
				TARGETED_DEVICE_FAMILY = "1,2";
			};
			name = Debug;
		};
		885AB0182831F46E00874D90 /* Release */ = {
			isa = XCBuildConfiguration;
			buildSettings = {
				ASSETCATALOG_COMPILER_APPICON_NAME = AppIcon;
				ASSETCATALOG_COMPILER_GLOBAL_ACCENT_COLOR_NAME = AccentColor;
				CODE_SIGN_STYLE = Automatic;
				CURRENT_PROJECT_VERSION = 1;
				GENERATE_INFOPLIST_FILE = YES;
				INFOPLIST_FILE = "ios Ass3/Info.plist";
				INFOPLIST_KEY_UIApplicationSupportsIndirectInputEvents = YES;
				INFOPLIST_KEY_UILaunchStoryboardName = LaunchScreen;
				INFOPLIST_KEY_UIMainStoryboardFile = Main;
				INFOPLIST_KEY_UISupportedInterfaceOrientations_iPad = "UIInterfaceOrientationPortrait UIInterfaceOrientationPortraitUpsideDown UIInterfaceOrientationLandscapeLeft UIInterfaceOrientationLandscapeRight";
				INFOPLIST_KEY_UISupportedInterfaceOrientations_iPhone = "UIInterfaceOrientationPortrait UIInterfaceOrientationLandscapeLeft UIInterfaceOrientationLandscapeRight";
				LD_RUNPATH_SEARCH_PATHS = (
					"$(inherited)",
					"@executable_path/Frameworks",
				);
				MARKETING_VERSION = 1.0;
				PRODUCT_BUNDLE_IDENTIFIER = "-.ios-Ass3";
				PRODUCT_NAME = "$(TARGET_NAME)";
				SWIFT_EMIT_LOC_STRINGS = YES;
				SWIFT_VERSION = 5.0;
				TARGETED_DEVICE_FAMILY = "1,2";
			};
			name = Release;
		};
		885AB01A2831F46E00874D90 /* Debug */ = {
			isa = XCBuildConfiguration;
			buildSettings = {
				ALWAYS_EMBED_SWIFT_STANDARD_LIBRARIES = YES;
				BUNDLE_LOADER = "$(TEST_HOST)";
				CODE_SIGN_STYLE = Automatic;
				CURRENT_PROJECT_VERSION = 1;
				GENERATE_INFOPLIST_FILE = YES;
				IPHONEOS_DEPLOYMENT_TARGET = 15.2;
				MARKETING_VERSION = 1.0;
				PRODUCT_BUNDLE_IDENTIFIER = "-.ios-Ass3Tests";
				PRODUCT_NAME = "$(TARGET_NAME)";
				SWIFT_EMIT_LOC_STRINGS = NO;
				SWIFT_VERSION = 5.0;
				TARGETED_DEVICE_FAMILY = "1,2";
				TEST_HOST = "$(BUILT_PRODUCTS_DIR)/ios Ass3.app/ios Ass3";
			};
			name = Debug;
		};
		885AB01B2831F46E00874D90 /* Release */ = {
			isa = XCBuildConfiguration;
			buildSettings = {
				ALWAYS_EMBED_SWIFT_STANDARD_LIBRARIES = YES;
				BUNDLE_LOADER = "$(TEST_HOST)";
				CODE_SIGN_STYLE = Automatic;
				CURRENT_PROJECT_VERSION = 1;
				GENERATE_INFOPLIST_FILE = YES;
				IPHONEOS_DEPLOYMENT_TARGET = 15.2;
				MARKETING_VERSION = 1.0;
				PRODUCT_BUNDLE_IDENTIFIER = "-.ios-Ass3Tests";
				PRODUCT_NAME = "$(TARGET_NAME)";
				SWIFT_EMIT_LOC_STRINGS = NO;
				SWIFT_VERSION = 5.0;
				TARGETED_DEVICE_FAMILY = "1,2";
				TEST_HOST = "$(BUILT_PRODUCTS_DIR)/ios Ass3.app/ios Ass3";
			};
			name = Release;
		};
		885AB01D2831F46E00874D90 /* Debug */ = {
			isa = XCBuildConfiguration;
			buildSettings = {
				ALWAYS_EMBED_SWIFT_STANDARD_LIBRARIES = YES;
				CODE_SIGN_STYLE = Automatic;
				CURRENT_PROJECT_VERSION = 1;
				GENERATE_INFOPLIST_FILE = YES;
				MARKETING_VERSION = 1.0;
				PRODUCT_BUNDLE_IDENTIFIER = "-.ios-Ass3UITests";
				PRODUCT_NAME = "$(TARGET_NAME)";
				SWIFT_EMIT_LOC_STRINGS = NO;
				SWIFT_VERSION = 5.0;
				TARGETED_DEVICE_FAMILY = "1,2";
				TEST_TARGET_NAME = "ios Ass3";
			};
			name = Debug;
		};
		885AB01E2831F46E00874D90 /* Release */ = {
			isa = XCBuildConfiguration;
			buildSettings = {
				ALWAYS_EMBED_SWIFT_STANDARD_LIBRARIES = YES;
				CODE_SIGN_STYLE = Automatic;
				CURRENT_PROJECT_VERSION = 1;
				GENERATE_INFOPLIST_FILE = YES;
				MARKETING_VERSION = 1.0;
				PRODUCT_BUNDLE_IDENTIFIER = "-.ios-Ass3UITests";
				PRODUCT_NAME = "$(TARGET_NAME)";
				SWIFT_EMIT_LOC_STRINGS = NO;
				SWIFT_VERSION = 5.0;
				TARGETED_DEVICE_FAMILY = "1,2";
				TEST_TARGET_NAME = "ios Ass3";
			};
			name = Release;
		};
/* End XCBuildConfiguration section */

/* Begin XCConfigurationList section */
		885AAFE72831F46800874D90 /* Build configuration list for PBXProject "ios Ass3" */ = {
			isa = XCConfigurationList;
			buildConfigurations = (
				885AB0142831F46E00874D90 /* Debug */,
				885AB0152831F46E00874D90 /* Release */,
			);
			defaultConfigurationIsVisible = 0;
			defaultConfigurationName = Release;
		};
		885AB0162831F46E00874D90 /* Build configuration list for PBXNativeTarget "ios Ass3" */ = {
			isa = XCConfigurationList;
			buildConfigurations = (
				885AB0172831F46E00874D90 /* Debug */,
				885AB0182831F46E00874D90 /* Release */,
			);
			defaultConfigurationIsVisible = 0;
			defaultConfigurationName = Release;
		};
		885AB0192831F46E00874D90 /* Build configuration list for PBXNativeTarget "ios Ass3Tests" */ = {
			isa = XCConfigurationList;
			buildConfigurations = (
				885AB01A2831F46E00874D90 /* Debug */,
				885AB01B2831F46E00874D90 /* Release */,
			);
			defaultConfigurationIsVisible = 0;
			defaultConfigurationName = Release;
		};
		885AB01C2831F46E00874D90 /* Build configuration list for PBXNativeTarget "ios Ass3UITests" */ = {
			isa = XCConfigurationList;
			buildConfigurations = (
				885AB01D2831F46E00874D90 /* Debug */,
				885AB01E2831F46E00874D90 /* Release */,
			);
			defaultConfigurationIsVisible = 0;
			defaultConfigurationName = Release;
		};
/* End XCConfigurationList section */
	};
	rootObject = 885AAFE42831F46800874D90 /* Project object */;
}
